// !$*UTF8*$!
{
	archiveVersion = 1;
	classes = {
	};
	objectVersion = 55;
	objects = {

/* Begin PBXBuildFile section */
		728F3E02271F1961000CD206 /* AppDelegate.swift in Sources */ = {isa = PBXBuildFile; fileRef = 728F3E01271F1961000CD206 /* AppDelegate.swift */; };
		728F3E04271F1961000CD206 /* SceneDelegate.swift in Sources */ = {isa = PBXBuildFile; fileRef = 728F3E03271F1961000CD206 /* SceneDelegate.swift */; };
		728F3E06271F1961000CD206 /* ViewController.swift in Sources */ = {isa = PBXBuildFile; fileRef = 728F3E05271F1961000CD206 /* ViewController.swift */; };
		728F3E09271F1961000CD206 /* Main.storyboard in Resources */ = {isa = PBXBuildFile; fileRef = 728F3E07271F1961000CD206 /* Main.storyboard */; };
		728F3E0B271F1963000CD206 /* Assets.xcassets in Resources */ = {isa = PBXBuildFile; fileRef = 728F3E0A271F1963000CD206 /* Assets.xcassets */; };
		728F3E0E271F1963000CD206 /* LaunchScreen.storyboard in Resources */ = {isa = PBXBuildFile; fileRef = 728F3E0C271F1963000CD206 /* LaunchScreen.storyboard */; };
		728F3E17271F2096000CD206 /* AddViewController.swift in Sources */ = {isa = PBXBuildFile; fileRef = 728F3E16271F2096000CD206 /* AddViewController.swift */; };
		728F3E1A271F20E9000CD206 /* ObjectType.swift in Sources */ = {isa = PBXBuildFile; fileRef = 728F3E19271F20E9000CD206 /* ObjectType.swift */; };
		728F3E1C271F22B2000CD206 /* SavedObject.swift in Sources */ = {isa = PBXBuildFile; fileRef = 728F3E1B271F22B2000CD206 /* SavedObject.swift */; };
		728F3E1E271F2AC7000CD206 /* CustomButton.swift in Sources */ = {isa = PBXBuildFile; fileRef = 728F3E1D271F2AC7000CD206 /* CustomButton.swift */; };
/* End PBXBuildFile section */

/* Begin PBXFileReference section */
		728F3DFE271F1961000CD206 /* Texas.app */ = {isa = PBXFileReference; explicitFileType = wrapper.application; includeInIndex = 0; path = Texas.app; sourceTree = BUILT_PRODUCTS_DIR; };
		728F3E01271F1961000CD206 /* AppDelegate.swift */ = {isa = PBXFileReference; lastKnownFileType = sourcecode.swift; path = AppDelegate.swift; sourceTree = "<group>"; };
		728F3E03271F1961000CD206 /* SceneDelegate.swift */ = {isa = PBXFileReference; lastKnownFileType = sourcecode.swift; path = SceneDelegate.swift; sourceTree = "<group>"; };
		728F3E05271F1961000CD206 /* ViewController.swift */ = {isa = PBXFileReference; lastKnownFileType = sourcecode.swift; path = ViewController.swift; sourceTree = "<group>"; };
		728F3E08271F1961000CD206 /* Base */ = {isa = PBXFileReference; lastKnownFileType = file.storyboard; name = Base; path = Base.lproj/Main.storyboard; sourceTree = "<group>"; };
		728F3E0A271F1963000CD206 /* Assets.xcassets */ = {isa = PBXFileReference; lastKnownFileType = folder.assetcatalog; path = Assets.xcassets; sourceTree = "<group>"; };
		728F3E0D271F1963000CD206 /* Base */ = {isa = PBXFileReference; lastKnownFileType = file.storyboard; name = Base; path = Base.lproj/LaunchScreen.storyboard; sourceTree = "<group>"; };
		728F3E0F271F1963000CD206 /* Info.plist */ = {isa = PBXFileReference; lastKnownFileType = text.plist.xml; path = Info.plist; sourceTree = "<group>"; };
		728F3E16271F2096000CD206 /* AddViewController.swift */ = {isa = PBXFileReference; lastKnownFileType = sourcecode.swift; path = AddViewController.swift; sourceTree = "<group>"; };
		728F3E19271F20E9000CD206 /* ObjectType.swift */ = {isa = PBXFileReference; lastKnownFileType = sourcecode.swift; path = ObjectType.swift; sourceTree = "<group>"; };
		728F3E1B271F22B2000CD206 /* SavedObject.swift */ = {isa = PBXFileReference; lastKnownFileType = sourcecode.swift; path = SavedObject.swift; sourceTree = "<group>"; };
		728F3E1D271F2AC7000CD206 /* CustomButton.swift */ = {isa = PBXFileReference; lastKnownFileType = sourcecode.swift; path = CustomButton.swift; sourceTree = "<group>"; };
/* End PBXFileReference section */

/* Begin PBXFrameworksBuildPhase section */
		728F3DFB271F1961000CD206 /* Frameworks */ = {
			isa = PBXFrameworksBuildPhase;
			buildActionMask = 2147483647;
			files = (
			);
			runOnlyForDeploymentPostprocessing = 0;
		};
/* End PBXFrameworksBuildPhase section */

/* Begin PBXGroup section */
		728F3DF5271F1961000CD206 = {
			isa = PBXGroup;
			children = (
				728F3E00271F1961000CD206 /* Texas */,
				728F3DFF271F1961000CD206 /* Products */,
			);
			sourceTree = "<group>";
		};
		728F3DFF271F1961000CD206 /* Products */ = {
			isa = PBXGroup;
			children = (
				728F3DFE271F1961000CD206 /* Texas.app */,
			);
			name = Products;
			sourceTree = "<group>";
		};
		728F3E00271F1961000CD206 /* Texas */ = {
			isa = PBXGroup;
			children = (
				728F3E18271F20DF000CD206 /* Models */,
				728F3E15271F2084000CD206 /* Screens */,
				728F3E01271F1961000CD206 /* AppDelegate.swift */,
				728F3E03271F1961000CD206 /* SceneDelegate.swift */,
				728F3E07271F1961000CD206 /* Main.storyboard */,
				728F3E0A271F1963000CD206 /* Assets.xcassets */,
				728F3E0C271F1963000CD206 /* LaunchScreen.storyboard */,
				728F3E0F271F1963000CD206 /* Info.plist */,
				728F3E1D271F2AC7000CD206 /* CustomButton.swift */,
			);
			path = Texas;
			sourceTree = "<group>";
		};
		728F3E15271F2084000CD206 /* Screens */ = {
			isa = PBXGroup;
			children = (
				728F3E05271F1961000CD206 /* ViewController.swift */,
				728F3E16271F2096000CD206 /* AddViewController.swift */,
			);
			path = Screens;
			sourceTree = "<group>";
		};
		728F3E18271F20DF000CD206 /* Models */ = {
			isa = PBXGroup;
			children = (
				728F3E19271F20E9000CD206 /* ObjectType.swift */,
				728F3E1B271F22B2000CD206 /* SavedObject.swift */,
			);
			path = Models;
			sourceTree = "<group>";
		};
/* End PBXGroup section */

/* Begin PBXNativeTarget section */
		728F3DFD271F1961000CD206 /* Texas */ = {
			isa = PBXNativeTarget;
			buildConfigurationList = 728F3E12271F1963000CD206 /* Build configuration list for PBXNativeTarget "Texas" */;
			buildPhases = (
				728F3DFA271F1961000CD206 /* Sources */,
				728F3DFB271F1961000CD206 /* Frameworks */,
				728F3DFC271F1961000CD206 /* Resources */,
			);
			buildRules = (
			);
			dependencies = (
			);
			name = Texas;
			productName = Texas;
			productReference = 728F3DFE271F1961000CD206 /* Texas.app */;
			productType = "com.apple.product-type.application";
		};
/* End PBXNativeTarget section */

/* Begin PBXProject section */
		728F3DF6271F1961000CD206 /* Project object */ = {
			isa = PBXProject;
			attributes = {
				BuildIndependentTargetsInParallel = 1;
				LastSwiftUpdateCheck = 1300;
				LastUpgradeCheck = 1300;
				TargetAttributes = {
					728F3DFD271F1961000CD206 = {
						CreatedOnToolsVersion = 13.0;
					};
				};
			};
			buildConfigurationList = 728F3DF9271F1961000CD206 /* Build configuration list for PBXProject "Texas" */;
			compatibilityVersion = "Xcode 13.0";
			developmentRegion = en;
			hasScannedForEncodings = 0;
			knownRegions = (
				en,
				Base,
			);
			mainGroup = 728F3DF5271F1961000CD206;
			productRefGroup = 728F3DFF271F1961000CD206 /* Products */;
			projectDirPath = "";
			projectRoot = "";
			targets = (
				728F3DFD271F1961000CD206 /* Texas */,
			);
		};
/* End PBXProject section */

/* Begin PBXResourcesBuildPhase section */
		728F3DFC271F1961000CD206 /* Resources */ = {
			isa = PBXResourcesBuildPhase;
			buildActionMask = 2147483647;
			files = (
				728F3E0E271F1963000CD206 /* LaunchScreen.storyboard in Resources */,
				728F3E0B271F1963000CD206 /* Assets.xcassets in Resources */,
				728F3E09271F1961000CD206 /* Main.storyboard in Resources */,
			);
			runOnlyForDeploymentPostprocessing = 0;
		};
/* End PBXResourcesBuildPhase section */

/* Begin PBXSourcesBuildPhase section */
		728F3DFA271F1961000CD206 /* Sources */ = {
			isa = PBXSourcesBuildPhase;
			buildActionMask = 2147483647;
			files = (
				728F3E1A271F20E9000CD206 /* ObjectType.swift in Sources */,
				728F3E06271F1961000CD206 /* ViewController.swift in Sources */,
				728F3E1C271F22B2000CD206 /* SavedObject.swift in Sources */,
				728F3E02271F1961000CD206 /* AppDelegate.swift in Sources */,
				728F3E1E271F2AC7000CD206 /* CustomButton.swift in Sources */,
				728F3E17271F2096000CD206 /* AddViewController.swift in Sources */,
				728F3E04271F1961000CD206 /* SceneDelegate.swift in Sources */,
			);
			runOnlyForDeploymentPostprocessing = 0;
		};
/* End PBXSourcesBuildPhase section */

/* Begin PBXVariantGroup section */
		728F3E07271F1961000CD206 /* Main.storyboard */ = {
			isa = PBXVariantGroup;
			children = (
				728F3E08271F1961000CD206 /* Base */,
			);
			name = Main.storyboard;
			sourceTree = "<group>";
		};
		728F3E0C271F1963000CD206 /* LaunchScreen.storyboard */ = {
			isa = PBXVariantGroup;
			children = (
				728F3E0D271F1963000CD206 /* Base */,
			);
			name = LaunchScreen.storyboard;
			sourceTree = "<group>";
		};
/* End PBXVariantGroup section */

/* Begin XCBuildConfiguration section */
		728F3E10271F1963000CD206 /* Debug */ = {
			isa = XCBuildConfiguration;
			buildSettings = {
				ALWAYS_SEARCH_USER_PATHS = NO;
				CLANG_ANALYZER_NONNULL = YES;
				CLANG_ANALYZER_NUMBER_OBJECT_CONVERSION = YES_AGGRESSIVE;
				CLANG_CXX_LANGUAGE_STANDARD = "gnu++17";
				CLANG_CXX_LIBRARY = "libc++";
				CLANG_ENABLE_MODULES = YES;
				CLANG_ENABLE_OBJC_ARC = YES;
				CLANG_ENABLE_OBJC_WEAK = YES;
				CLANG_WARN_BLOCK_CAPTURE_AUTORELEASING = YES;
				CLANG_WARN_BOOL_CONVERSION = YES;
				CLANG_WARN_COMMA = YES;
				CLANG_WARN_CONSTANT_CONVERSION = YES;
				CLANG_WARN_DEPRECATED_OBJC_IMPLEMENTATIONS = YES;
				CLANG_WARN_DIRECT_OBJC_ISA_USAGE = YES_ERROR;
				CLANG_WARN_DOCUMENTATION_COMMENTS = YES;
				CLANG_WARN_EMPTY_BODY = YES;
				CLANG_WARN_ENUM_CONVERSION = YES;
				CLANG_WARN_INFINITE_RECURSION = YES;
				CLANG_WARN_INT_CONVERSION = YES;
				CLANG_WARN_NON_LITERAL_NULL_CONVERSION = YES;
				CLANG_WARN_OBJC_IMPLICIT_RETAIN_SELF = YES;
				CLANG_WARN_OBJC_LITERAL_CONVERSION = YES;
				CLANG_WARN_OBJC_ROOT_CLASS = YES_ERROR;
				CLANG_WARN_QUOTED_INCLUDE_IN_FRAMEWORK_HEADER = YES;
				CLANG_WARN_RANGE_LOOP_ANALYSIS = YES;
				CLANG_WARN_STRICT_PROTOTYPES = YES;
				CLANG_WARN_SUSPICIOUS_MOVE = YES;
				CLANG_WARN_UNGUARDED_AVAILABILITY = YES_AGGRESSIVE;
				CLANG_WARN_UNREACHABLE_CODE = YES;
				CLANG_WARN__DUPLICATE_METHOD_MATCH = YES;
				COPY_PHASE_STRIP = NO;
				DEBUG_INFORMATION_FORMAT = dwarf;
				ENABLE_STRICT_OBJC_MSGSEND = YES;
				ENABLE_TESTABILITY = YES;
				GCC_C_LANGUAGE_STANDARD = gnu11;
				GCC_DYNAMIC_NO_PIC = NO;
				GCC_NO_COMMON_BLOCKS = YES;
				GCC_OPTIMIZATION_LEVEL = 0;
				GCC_PREPROCESSOR_DEFINITIONS = (
					"DEBUG=1",
					"$(inherited)",
				);
				GCC_WARN_64_TO_32_BIT_CONVERSION = YES;
				GCC_WARN_ABOUT_RETURN_TYPE = YES_ERROR;
				GCC_WARN_UNDECLARED_SELECTOR = YES;
				GCC_WARN_UNINITIALIZED_AUTOS = YES_AGGRESSIVE;
				GCC_WARN_UNUSED_FUNCTION = YES;
				GCC_WARN_UNUSED_VARIABLE = YES;
				IPHONEOS_DEPLOYMENT_TARGET = 15.0;
				MTL_ENABLE_DEBUG_INFO = INCLUDE_SOURCE;
				MTL_FAST_MATH = YES;
				ONLY_ACTIVE_ARCH = YES;
				SDKROOT = iphoneos;
				SWIFT_ACTIVE_COMPILATION_CONDITIONS = DEBUG;
				SWIFT_OPTIMIZATION_LEVEL = "-Onone";
			};
			name = Debug;
		};
		728F3E11271F1963000CD206 /* Release */ = {
			isa = XCBuildConfiguration;
			buildSettings = {
				ALWAYS_SEARCH_USER_PATHS = NO;
				CLANG_ANALYZER_NONNULL = YES;
				CLANG_ANALYZER_NUMBER_OBJECT_CONVERSION = YES_AGGRESSIVE;
				CLANG_CXX_LANGUAGE_STANDARD = "gnu++17";
				CLANG_CXX_LIBRARY = "libc++";
				CLANG_ENABLE_MODULES = YES;
				CLANG_ENABLE_OBJC_ARC = YES;
				CLANG_ENABLE_OBJC_WEAK = YES;
				CLANG_WARN_BLOCK_CAPTURE_AUTORELEASING = YES;
				CLANG_WARN_BOOL_CONVERSION = YES;
				CLANG_WARN_COMMA = YES;
				CLANG_WARN_CONSTANT_CONVERSION = YES;
				CLANG_WARN_DEPRECATED_OBJC_IMPLEMENTATIONS = YES;
				CLANG_WARN_DIRECT_OBJC_ISA_USAGE = YES_ERROR;
				CLANG_WARN_DOCUMENTATION_COMMENTS = YES;
				CLANG_WARN_EMPTY_BODY = YES;
				CLANG_WARN_ENUM_CONVERSION = YES;
				CLANG_WARN_INFINITE_RECURSION = YES;
				CLANG_WARN_INT_CONVERSION = YES;
				CLANG_WARN_NON_LITERAL_NULL_CONVERSION = YES;
				CLANG_WARN_OBJC_IMPLICIT_RETAIN_SELF = YES;
				CLANG_WARN_OBJC_LITERAL_CONVERSION = YES;
				CLANG_WARN_OBJC_ROOT_CLASS = YES_ERROR;
				CLANG_WARN_QUOTED_INCLUDE_IN_FRAMEWORK_HEADER = YES;
				CLANG_WARN_RANGE_LOOP_ANALYSIS = YES;
				CLANG_WARN_STRICT_PROTOTYPES = YES;
				CLANG_WARN_SUSPICIOUS_MOVE = YES;
				CLANG_WARN_UNGUARDED_AVAILABILITY = YES_AGGRESSIVE;
				CLANG_WARN_UNREACHABLE_CODE = YES;
				CLANG_WARN__DUPLICATE_METHOD_MATCH = YES;
				COPY_PHASE_STRIP = NO;
				DEBUG_INFORMATION_FORMAT = "dwarf-with-dsym";
				ENABLE_NS_ASSERTIONS = NO;
				ENABLE_STRICT_OBJC_MSGSEND = YES;
				GCC_C_LANGUAGE_STANDARD = gnu11;
				GCC_NO_COMMON_BLOCKS = YES;
				GCC_WARN_64_TO_32_BIT_CONVERSION = YES;
				GCC_WARN_ABOUT_RETURN_TYPE = YES_ERROR;
				GCC_WARN_UNDECLARED_SELECTOR = YES;
				GCC_WARN_UNINITIALIZED_AUTOS = YES_AGGRESSIVE;
				GCC_WARN_UNUSED_FUNCTION = YES;
				GCC_WARN_UNUSED_VARIABLE = YES;
				IPHONEOS_DEPLOYMENT_TARGET = 15.0;
				MTL_ENABLE_DEBUG_INFO = NO;
				MTL_FAST_MATH = YES;
				SDKROOT = iphoneos;
				SWIFT_COMPILATION_MODE = wholemodule;
				SWIFT_OPTIMIZATION_LEVEL = "-O";
				VALIDATE_PRODUCT = YES;
			};
			name = Release;
		};
		728F3E13271F1963000CD206 /* Debug */ = {
			isa = XCBuildConfiguration;
			buildSettings = {
				ASSETCATALOG_COMPILER_APPICON_NAME = AppIcon;
				ASSETCATALOG_COMPILER_GLOBAL_ACCENT_COLOR_NAME = AccentColor;
				CODE_SIGN_STYLE = Automatic;
				CURRENT_PROJECT_VERSION = 1;
				DEVELOPMENT_TEAM = LHL6WHL3CM;
				GENERATE_INFOPLIST_FILE = YES;
				INFOPLIST_FILE = Texas/Info.plist;
				INFOPLIST_KEY_UIApplicationSupportsIndirectInputEvents = YES;
				INFOPLIST_KEY_UILaunchStoryboardName = LaunchScreen;
				INFOPLIST_KEY_UIMainStoryboardFile = Main;
				INFOPLIST_KEY_UISupportedInterfaceOrientations_iPad = "UIInterfaceOrientationPortrait UIInterfaceOrientationPortraitUpsideDown UIInterfaceOrientationLandscapeLeft UIInterfaceOrientationLandscapeRight";
				INFOPLIST_KEY_UISupportedInterfaceOrientations_iPhone = "UIInterfaceOrientationPortrait UIInterfaceOrientationLandscapeLeft UIInterfaceOrientationLandscapeRight";
				LD_RUNPATH_SEARCH_PATHS = (
					"$(inherited)",
					"@executable_path/Frameworks",
				);
				MARKETING_VERSION = 1.0;
				PRODUCT_BUNDLE_IDENTIFIER = com.denrah.Texas;
				PRODUCT_NAME = "$(TARGET_NAME)";
				SWIFT_EMIT_LOC_STRINGS = YES;
				SWIFT_VERSION = 5.0;
				TARGETED_DEVICE_FAMILY = "1,2";
			};
			name = Debug;
		};
		728F3E14271F1963000CD206 /* Release */ = {
			isa = XCBuildConfiguration;
			buildSettings = {
				ASSETCATALOG_COMPILER_APPICON_NAME = AppIcon;
				ASSETCATALOG_COMPILER_GLOBAL_ACCENT_COLOR_NAME = AccentColor;
				CODE_SIGN_STYLE = Automatic;
				CURRENT_PROJECT_VERSION = 1;
				DEVELOPMENT_TEAM = LHL6WHL3CM;
				GENERATE_INFOPLIST_FILE = YES;
				INFOPLIST_FILE = Texas/Info.plist;
				INFOPLIST_KEY_UIApplicationSupportsIndirectInputEvents = YES;
				INFOPLIST_KEY_UILaunchStoryboardName = LaunchScreen;
				INFOPLIST_KEY_UIMainStoryboardFile = Main;
				INFOPLIST_KEY_UISupportedInterfaceOrientations_iPad = "UIInterfaceOrientationPortrait UIInterfaceOrientationPortraitUpsideDown UIInterfaceOrientationLandscapeLeft UIInterfaceOrientationLandscapeRight";
				INFOPLIST_KEY_UISupportedInterfaceOrientations_iPhone = "UIInterfaceOrientationPortrait UIInterfaceOrientationLandscapeLeft UIInterfaceOrientationLandscapeRight";
				LD_RUNPATH_SEARCH_PATHS = (
					"$(inherited)",
					"@executable_path/Frameworks",
				);
				MARKETING_VERSION = 1.0;
				PRODUCT_BUNDLE_IDENTIFIER = com.denrah.Texas;
				PRODUCT_NAME = "$(TARGET_NAME)";
				SWIFT_EMIT_LOC_STRINGS = YES;
				SWIFT_VERSION = 5.0;
				TARGETED_DEVICE_FAMILY = "1,2";
			};
			name = Release;
		};
/* End XCBuildConfiguration section */

/* Begin XCConfigurationList section */
		728F3DF9271F1961000CD206 /* Build configuration list for PBXProject "Texas" */ = {
			isa = XCConfigurationList;
			buildConfigurations = (
				728F3E10271F1963000CD206 /* Debug */,
				728F3E11271F1963000CD206 /* Release */,
			);
			defaultConfigurationIsVisible = 0;
			defaultConfigurationName = Release;
		};
		728F3E12271F1963000CD206 /* Build configuration list for PBXNativeTarget "Texas" */ = {
			isa = XCConfigurationList;
			buildConfigurations = (
				728F3E13271F1963000CD206 /* Debug */,
				728F3E14271F1963000CD206 /* Release */,
			);
			defaultConfigurationIsVisible = 0;
			defaultConfigurationName = Release;
		};
/* End XCConfigurationList section */
	};
	rootObject = 728F3DF6271F1961000CD206 /* Project object */;
}
